
Microsoft Visual Studio Solution File, Format Version 12.00
# Visual Studio Version 16
VisualStudioVersion = 16.0.29613.14
MinimumVisualStudioVersion = 10.0.40219.1
Project("{9A19103F-16F7-4668-BE54-9A1E7A4F7556}") = "AchievementLoader", "AchivementLoader\AchievementLoader.csproj", "{4A42640E-569D-45A3-8992-B1526594A552}"
EndProject
Global
	GlobalSection(SolutionConfigurationPlatforms) = preSolution
		Debug|Any CPU = Debug|Any CPU
		Release|Any CPU = Release|Any CPU
	EndGlobalSection
	GlobalSection(ProjectConfigurationPlatforms) = postSolution
		{4A42640E-569D-45A3-8992-B1526594A552}.Debug|Any CPU.ActiveCfg = Debug|Any CPU
		{4A42640E-569D-45A3-8992-B1526594A552}.Debug|Any CPU.Build.0 = Debug|Any CPU
		{4A42640E-569D-45A3-8992-B1526594A552}.Release|Any CPU.ActiveCfg = Release|Any CPU
		{4A42640E-569D-45A3-8992-B1526594A552}.Release|Any CPU.Build.0 = Release|Any CPU
	EndGlobalSection
	GlobalSection(SolutionProperties) = preSolution
		HideSolutionNode = FALSE
	EndGlobalSection
	GlobalSection(ExtensibilityGlobals) = postSolution
		SolutionGuid = {0F68593D-E819-4E0B-AA72-EA1482DE3D7B}
	EndGlobalSection
EndGlobal
